// !$*UTF8*$!
{
	archiveVersion = 1;
	classes = {
	};
	objectVersion = 50;
	objects = {

/* Begin PBXBuildFile section */
		1119FC6823A07DC8008A039F /* SortCompaniesView+Checkmarks.swift in Sources */ = {isa = PBXBuildFile; fileRef = 1119FC6723A07DC8008A039F /* SortCompaniesView+Checkmarks.swift */; };
		1135CC2423A11FA40045107B /* CompaniesViewController+Search.swift in Sources */ = {isa = PBXBuildFile; fileRef = 1135CC2323A11FA40045107B /* CompaniesViewController+Search.swift */; };
		1135CC2723A145070045107B /* SortMembersView.swift in Sources */ = {isa = PBXBuildFile; fileRef = 1135CC2623A145070045107B /* SortMembersView.swift */; };
		1135CC2923A145300045107B /* SortMembersView+Checkmarks.swift in Sources */ = {isa = PBXBuildFile; fileRef = 1135CC2823A145300045107B /* SortMembersView+Checkmarks.swift */; };
		1135CC2B23A16A2C0045107B /* CompaniesViewController+Sort.swift in Sources */ = {isa = PBXBuildFile; fileRef = 1135CC2A23A16A2C0045107B /* CompaniesViewController+Sort.swift */; };
		1135CC2D23A16A8C0045107B /* MembersViewController+Sort.swift in Sources */ = {isa = PBXBuildFile; fileRef = 1135CC2C23A16A8C0045107B /* MembersViewController+Sort.swift */; };
		1135CC2F23A1750A0045107B /* MembersViewController+Search.swift in Sources */ = {isa = PBXBuildFile; fileRef = 1135CC2E23A1750A0045107B /* MembersViewController+Search.swift */; };
		11547241239E5E1300B18750 /* AppDelegate.swift in Sources */ = {isa = PBXBuildFile; fileRef = 11547240239E5E1300B18750 /* AppDelegate.swift */; };
		11547243239E5E1300B18750 /* SceneDelegate.swift in Sources */ = {isa = PBXBuildFile; fileRef = 11547242239E5E1300B18750 /* SceneDelegate.swift */; };
		11547245239E5E1300B18750 /* CompaniesViewController.swift in Sources */ = {isa = PBXBuildFile; fileRef = 11547244239E5E1300B18750 /* CompaniesViewController.swift */; };
		11547247239E5E1300B18750 /* MembersViewController.swift in Sources */ = {isa = PBXBuildFile; fileRef = 11547246239E5E1300B18750 /* MembersViewController.swift */; };
		1154724C239E5E1400B18750 /* Assets.xcassets in Resources */ = {isa = PBXBuildFile; fileRef = 1154724B239E5E1400B18750 /* Assets.xcassets */; };
		11AC5D5A239FC2250091C2D7 /* DataContainer.swift in Sources */ = {isa = PBXBuildFile; fileRef = 11AC5D59239FC2250091C2D7 /* DataContainer.swift */; };
		11AC5D5C239FC4E30091C2D7 /* Enums.swift in Sources */ = {isa = PBXBuildFile; fileRef = 11AC5D5B239FC4E30091C2D7 /* Enums.swift */; };
		11AC5D5E239FD4230091C2D7 /* CompaniesViewController+Endpoints.swift in Sources */ = {isa = PBXBuildFile; fileRef = 11AC5D5D239FD4230091C2D7 /* CompaniesViewController+Endpoints.swift */; };
		11AC5D61239FD4AA0091C2D7 /* AlertPresenter.swift in Sources */ = {isa = PBXBuildFile; fileRef = 11AC5D60239FD4AA0091C2D7 /* AlertPresenter.swift */; };
		11AC5D63239FE4E60091C2D7 /* CompaniesViewController+Functions.swift in Sources */ = {isa = PBXBuildFile; fileRef = 11AC5D62239FE4E60091C2D7 /* CompaniesViewController+Functions.swift */; };
		11AC5D66239FEE2B0091C2D7 /* UIView+Corners.swift in Sources */ = {isa = PBXBuildFile; fileRef = 11AC5D65239FEE2B0091C2D7 /* UIView+Corners.swift */; };
		11AC5D69239FF61C0091C2D7 /* MembersViewController+Functions.swift in Sources */ = {isa = PBXBuildFile; fileRef = 11AC5D68239FF61C0091C2D7 /* MembersViewController+Functions.swift */; };
		11AC5D6C23A009010091C2D7 /* SortCompaniesView.swift in Sources */ = {isa = PBXBuildFile; fileRef = 11AC5D6B23A009010091C2D7 /* SortCompaniesView.swift */; };
		11AC5D7023A00E4C0091C2D7 /* ButtonStateChanger.swift in Sources */ = {isa = PBXBuildFile; fileRef = 11AC5D6F23A00E4C0091C2D7 /* ButtonStateChanger.swift */; };
		11AC5D7223A00F9B0091C2D7 /* CompanyObject+Decodable.swift in Sources */ = {isa = PBXBuildFile; fileRef = 11AC5D7123A00F9B0091C2D7 /* CompanyObject+Decodable.swift */; };
		11AC5D7423A00FC50091C2D7 /* MemberObject+Decodable.swift in Sources */ = {isa = PBXBuildFile; fileRef = 11AC5D7323A00FC50091C2D7 /* MemberObject+Decodable.swift */; };
		11AC5D7623A013B10091C2D7 /* UIView+Animations.swift in Sources */ = {isa = PBXBuildFile; fileRef = 11AC5D7523A013B10091C2D7 /* UIView+Animations.swift */; };
		11E87D26239EFFA2009F7F9C /* Constants.swift in Sources */ = {isa = PBXBuildFile; fileRef = 11E87D25239EFFA2009F7F9C /* Constants.swift */; };
		11E87D29239F0205009F7F9C /* GetListData.swift in Sources */ = {isa = PBXBuildFile; fileRef = 11E87D28239F0205009F7F9C /* GetListData.swift */; };
		11E87D2E239F07C7009F7F9C /* Main.storyboard in Resources */ = {isa = PBXBuildFile; fileRef = 11E87D2A239F07C7009F7F9C /* Main.storyboard */; };
		11E87D2F239F07C7009F7F9C /* LaunchScreen.storyboard in Resources */ = {isa = PBXBuildFile; fileRef = 11E87D2C239F07C7009F7F9C /* LaunchScreen.storyboard */; };
		11E87D34239F1856009F7F9C /* JsonHandler.swift in Sources */ = {isa = PBXBuildFile; fileRef = 11E87D33239F1856009F7F9C /* JsonHandler.swift */; };
		11E87D39239F1DA6009F7F9C /* CompanyCell.swift in Sources */ = {isa = PBXBuildFile; fileRef = 11E87D38239F1DA6009F7F9C /* CompanyCell.swift */; };
		11E87D3F239F1DEA009F7F9C /* MemberCell.swift in Sources */ = {isa = PBXBuildFile; fileRef = 11E87D3E239F1DEA009F7F9C /* MemberCell.swift */; };
		11E87D43239F2135009F7F9C /* AsyncImageView.swift in Sources */ = {isa = PBXBuildFile; fileRef = 11E87D42239F2135009F7F9C /* AsyncImageView.swift */; };
		11E87D45239F22A4009F7F9C /* CompaniesViewController+Actions.swift in Sources */ = {isa = PBXBuildFile; fileRef = 11E87D44239F22A4009F7F9C /* CompaniesViewController+Actions.swift */; };
		11E87D47239F22C8009F7F9C /* CompaniesViewController+Table.swift in Sources */ = {isa = PBXBuildFile; fileRef = 11E87D46239F22C8009F7F9C /* CompaniesViewController+Table.swift */; };
		11E87D4A239F23E6009F7F9C /* CompanyObject.swift in Sources */ = {isa = PBXBuildFile; fileRef = 11E87D49239F23E6009F7F9C /* CompanyObject.swift */; };
		11E87D4D239F240A009F7F9C /* MemberObject.swift in Sources */ = {isa = PBXBuildFile; fileRef = 11E87D4C239F240A009F7F9C /* MemberObject.swift */; };
		11E87D4F239F255A009F7F9C /* MembersViewController+Actions.swift in Sources */ = {isa = PBXBuildFile; fileRef = 11E87D4E239F255A009F7F9C /* MembersViewController+Actions.swift */; };
		11E87D51239F256E009F7F9C /* MembersViewController+Table.swift in Sources */ = {isa = PBXBuildFile; fileRef = 11E87D50239F256E009F7F9C /* MembersViewController+Table.swift */; };
/* End PBXBuildFile section */

/* Begin PBXFileReference section */
		1119FC6723A07DC8008A039F /* SortCompaniesView+Checkmarks.swift */ = {isa = PBXFileReference; lastKnownFileType = sourcecode.swift; path = "SortCompaniesView+Checkmarks.swift"; sourceTree = "<group>"; };
		1135CC2323A11FA40045107B /* CompaniesViewController+Search.swift */ = {isa = PBXFileReference; lastKnownFileType = sourcecode.swift; path = "CompaniesViewController+Search.swift"; sourceTree = "<group>"; };
		1135CC2623A145070045107B /* SortMembersView.swift */ = {isa = PBXFileReference; lastKnownFileType = sourcecode.swift; path = SortMembersView.swift; sourceTree = "<group>"; };
		1135CC2823A145300045107B /* SortMembersView+Checkmarks.swift */ = {isa = PBXFileReference; lastKnownFileType = sourcecode.swift; path = "SortMembersView+Checkmarks.swift"; sourceTree = "<group>"; };
		1135CC2A23A16A2C0045107B /* CompaniesViewController+Sort.swift */ = {isa = PBXFileReference; lastKnownFileType = sourcecode.swift; path = "CompaniesViewController+Sort.swift"; sourceTree = "<group>"; };
		1135CC2C23A16A8C0045107B /* MembersViewController+Sort.swift */ = {isa = PBXFileReference; lastKnownFileType = sourcecode.swift; path = "MembersViewController+Sort.swift"; sourceTree = "<group>"; };
		1135CC2E23A1750A0045107B /* MembersViewController+Search.swift */ = {isa = PBXFileReference; lastKnownFileType = sourcecode.swift; path = "MembersViewController+Search.swift"; sourceTree = "<group>"; };
		1154723D239E5E1300B18750 /* BestGoalsClub.app */ = {isa = PBXFileReference; explicitFileType = wrapper.application; includeInIndex = 0; path = BestGoalsClub.app; sourceTree = BUILT_PRODUCTS_DIR; };
		11547240239E5E1300B18750 /* AppDelegate.swift */ = {isa = PBXFileReference; lastKnownFileType = sourcecode.swift; name = AppDelegate.swift; path = ../AppDelegate.swift; sourceTree = "<group>"; };
		11547242239E5E1300B18750 /* SceneDelegate.swift */ = {isa = PBXFileReference; lastKnownFileType = sourcecode.swift; name = SceneDelegate.swift; path = ../SceneDelegate.swift; sourceTree = "<group>"; };
		11547244239E5E1300B18750 /* CompaniesViewController.swift */ = {isa = PBXFileReference; lastKnownFileType = sourcecode.swift; path = CompaniesViewController.swift; sourceTree = "<group>"; };
		11547246239E5E1300B18750 /* MembersViewController.swift */ = {isa = PBXFileReference; lastKnownFileType = sourcecode.swift; path = MembersViewController.swift; sourceTree = "<group>"; };
		1154724B239E5E1400B18750 /* Assets.xcassets */ = {isa = PBXFileReference; lastKnownFileType = folder.assetcatalog; path = Assets.xcassets; sourceTree = "<group>"; };
		11547250239E5E1400B18750 /* Info.plist */ = {isa = PBXFileReference; lastKnownFileType = text.plist.xml; name = Info.plist; path = ../Info.plist; sourceTree = "<group>"; };
		11AC5D59239FC2250091C2D7 /* DataContainer.swift */ = {isa = PBXFileReference; lastKnownFileType = sourcecode.swift; path = DataContainer.swift; sourceTree = "<group>"; };
		11AC5D5B239FC4E30091C2D7 /* Enums.swift */ = {isa = PBXFileReference; lastKnownFileType = sourcecode.swift; path = Enums.swift; sourceTree = "<group>"; };
		11AC5D5D239FD4230091C2D7 /* CompaniesViewController+Endpoints.swift */ = {isa = PBXFileReference; lastKnownFileType = sourcecode.swift; path = "CompaniesViewController+Endpoints.swift"; sourceTree = "<group>"; };
		11AC5D60239FD4AA0091C2D7 /* AlertPresenter.swift */ = {isa = PBXFileReference; lastKnownFileType = sourcecode.swift; path = AlertPresenter.swift; sourceTree = "<group>"; };
		11AC5D62239FE4E60091C2D7 /* CompaniesViewController+Functions.swift */ = {isa = PBXFileReference; lastKnownFileType = sourcecode.swift; path = "CompaniesViewController+Functions.swift"; sourceTree = "<group>"; };
		11AC5D65239FEE2B0091C2D7 /* UIView+Corners.swift */ = {isa = PBXFileReference; lastKnownFileType = sourcecode.swift; path = "UIView+Corners.swift"; sourceTree = "<group>"; };
		11AC5D68239FF61C0091C2D7 /* MembersViewController+Functions.swift */ = {isa = PBXFileReference; lastKnownFileType = sourcecode.swift; path = "MembersViewController+Functions.swift"; sourceTree = "<group>"; };
		11AC5D6B23A009010091C2D7 /* SortCompaniesView.swift */ = {isa = PBXFileReference; lastKnownFileType = sourcecode.swift; path = SortCompaniesView.swift; sourceTree = "<group>"; };
		11AC5D6F23A00E4C0091C2D7 /* ButtonStateChanger.swift */ = {isa = PBXFileReference; lastKnownFileType = sourcecode.swift; path = ButtonStateChanger.swift; sourceTree = "<group>"; };
		11AC5D7123A00F9B0091C2D7 /* CompanyObject+Decodable.swift */ = {isa = PBXFileReference; lastKnownFileType = sourcecode.swift; path = "CompanyObject+Decodable.swift"; sourceTree = "<group>"; };
		11AC5D7323A00FC50091C2D7 /* MemberObject+Decodable.swift */ = {isa = PBXFileReference; lastKnownFileType = sourcecode.swift; path = "MemberObject+Decodable.swift"; sourceTree = "<group>"; };
		11AC5D7523A013B10091C2D7 /* UIView+Animations.swift */ = {isa = PBXFileReference; lastKnownFileType = sourcecode.swift; path = "UIView+Animations.swift"; sourceTree = "<group>"; };
		11E87D25239EFFA2009F7F9C /* Constants.swift */ = {isa = PBXFileReference; lastKnownFileType = sourcecode.swift; path = Constants.swift; sourceTree = "<group>"; };
		11E87D28239F0205009F7F9C /* GetListData.swift */ = {isa = PBXFileReference; lastKnownFileType = sourcecode.swift; path = GetListData.swift; sourceTree = "<group>"; };
		11E87D2B239F07C7009F7F9C /* Base */ = {isa = PBXFileReference; lastKnownFileType = file.storyboard; name = Base; path = ../../../../../../myProj/test/SWIFT/BestGoalsClub/BestGoalsClub/BestGoalsClub/Base.lproj/Main.storyboard; sourceTree = "<group>"; };
		11E87D2D239F07C7009F7F9C /* Base */ = {isa = PBXFileReference; lastKnownFileType = file.storyboard; name = Base; path = ../../../../../../myProj/test/SWIFT/BestGoalsClub/BestGoalsClub/BestGoalsClub/Base.lproj/LaunchScreen.storyboard; sourceTree = "<group>"; };
		11E87D33239F1856009F7F9C /* JsonHandler.swift */ = {isa = PBXFileReference; lastKnownFileType = sourcecode.swift; path = JsonHandler.swift; sourceTree = "<group>"; };
		11E87D38239F1DA6009F7F9C /* CompanyCell.swift */ = {isa = PBXFileReference; lastKnownFileType = sourcecode.swift; path = CompanyCell.swift; sourceTree = "<group>"; };
		11E87D3E239F1DEA009F7F9C /* MemberCell.swift */ = {isa = PBXFileReference; lastKnownFileType = sourcecode.swift; path = MemberCell.swift; sourceTree = "<group>"; };
		11E87D42239F2135009F7F9C /* AsyncImageView.swift */ = {isa = PBXFileReference; lastKnownFileType = sourcecode.swift; path = AsyncImageView.swift; sourceTree = "<group>"; };
		11E87D44239F22A4009F7F9C /* CompaniesViewController+Actions.swift */ = {isa = PBXFileReference; lastKnownFileType = sourcecode.swift; path = "CompaniesViewController+Actions.swift"; sourceTree = "<group>"; };
		11E87D46239F22C8009F7F9C /* CompaniesViewController+Table.swift */ = {isa = PBXFileReference; lastKnownFileType = sourcecode.swift; path = "CompaniesViewController+Table.swift"; sourceTree = "<group>"; };
		11E87D49239F23E6009F7F9C /* CompanyObject.swift */ = {isa = PBXFileReference; lastKnownFileType = sourcecode.swift; path = CompanyObject.swift; sourceTree = "<group>"; };
		11E87D4C239F240A009F7F9C /* MemberObject.swift */ = {isa = PBXFileReference; lastKnownFileType = sourcecode.swift; path = MemberObject.swift; sourceTree = "<group>"; };
		11E87D4E239F255A009F7F9C /* MembersViewController+Actions.swift */ = {isa = PBXFileReference; lastKnownFileType = sourcecode.swift; path = "MembersViewController+Actions.swift"; sourceTree = "<group>"; };
		11E87D50239F256E009F7F9C /* MembersViewController+Table.swift */ = {isa = PBXFileReference; lastKnownFileType = sourcecode.swift; path = "MembersViewController+Table.swift"; sourceTree = "<group>"; };
/* End PBXFileReference section */

/* Begin PBXFrameworksBuildPhase section */
		1154723A239E5E1300B18750 /* Frameworks */ = {
			isa = PBXFrameworksBuildPhase;
			buildActionMask = 2147483647;
			files = (
			);
			runOnlyForDeploymentPostprocessing = 0;
		};
/* End PBXFrameworksBuildPhase section */

/* Begin PBXGroup section */
		1135CC2523A144F40045107B /* SortMembersView */ = {
			isa = PBXGroup;
			children = (
				1135CC2623A145070045107B /* SortMembersView.swift */,
				1135CC2823A145300045107B /* SortMembersView+Checkmarks.swift */,
			);
			path = SortMembersView;
			sourceTree = "<group>";
		};
		11547234239E5E1300B18750 = {
			isa = PBXGroup;
			children = (
				1154723F239E5E1300B18750 /* BestGoalsClub */,
				1154723E239E5E1300B18750 /* Products */,
			);
			sourceTree = "<group>";
		};
		1154723E239E5E1300B18750 /* Products */ = {
			isa = PBXGroup;
			children = (
				1154723D239E5E1300B18750 /* BestGoalsClub.app */,
			);
			name = Products;
			sourceTree = "<group>";
		};
		1154723F239E5E1300B18750 /* BestGoalsClub */ = {
			isa = PBXGroup;
			children = (
				11547256239E6DBB00B18750 /* Application */,
				11547258239E6FF900B18750 /* Modules */,
				1154725B239E70B700B18750 /* Common */,
				1154725F239E718900B18750 /* Endpoints */,
				11547257239E6DC600B18750 /* Resources */,
			);
			path = BestGoalsClub;
			sourceTree = "<group>";
		};
		11547256239E6DBB00B18750 /* Application */ = {
			isa = PBXGroup;
			children = (
				11547240239E5E1300B18750 /* AppDelegate.swift */,
				11547242239E5E1300B18750 /* SceneDelegate.swift */,
			);
			path = Application;
			sourceTree = "<group>";
		};
		11547257239E6DC600B18750 /* Resources */ = {
			isa = PBXGroup;
			children = (
				11E87D2A239F07C7009F7F9C /* Main.storyboard */,
				1154724B239E5E1400B18750 /* Assets.xcassets */,
				11E87D2C239F07C7009F7F9C /* LaunchScreen.storyboard */,
				11547250239E5E1400B18750 /* Info.plist */,
			);
			path = Resources;
			sourceTree = "<group>";
		};
		11547258239E6FF900B18750 /* Modules */ = {
			isa = PBXGroup;
			children = (
				1154725A239E708000B18750 /* Companies */,
				11547259239E707700B18750 /* Members */,
			);
			path = Modules;
			sourceTree = "<group>";
		};
		11547259239E707700B18750 /* Members */ = {
			isa = PBXGroup;
			children = (
				11547246239E5E1300B18750 /* MembersViewController.swift */,
				11E87D3A239F1DB0009F7F9C /* Members+Extensions */,
				11E87D3B239F1DC4009F7F9C /* Common */,
				11E87D4B239F23F4009F7F9C /* DataModels */,
			);
			path = Members;
			sourceTree = "<group>";
		};
		1154725A239E708000B18750 /* Companies */ = {
			isa = PBXGroup;
			children = (
				11547244239E5E1300B18750 /* CompaniesViewController.swift */,
				11E87D30239F08B4009F7F9C /* Companies+Extensions */,
				11E87D35239F1D7D009F7F9C /* Common */,
				11E87D48239F23B1009F7F9C /* DataModels */,
			);
			path = Companies;
			sourceTree = "<group>";
		};
		1154725B239E70B700B18750 /* Common */ = {
			isa = PBXGroup;
			children = (
				11AC5D6E23A00E370091C2D7 /* ObjectsActions */,
				11AC5D57239FBFA50091C2D7 /* Data */,
				11E87D40239F2118009F7F9C /* UI */,
				1154725D239E715000B18750 /* Extensions */,
				1154725C239E70BF00B18750 /* Definitions */,
			);
			path = Common;
			sourceTree = "<group>";
		};
		1154725C239E70BF00B18750 /* Definitions */ = {
			isa = PBXGroup;
			children = (
				11E87D25239EFFA2009F7F9C /* Constants.swift */,
				11AC5D5B239FC4E30091C2D7 /* Enums.swift */,
			);
			path = Definitions;
			sourceTree = "<group>";
		};
		1154725D239E715000B18750 /* Extensions */ = {
			isa = PBXGroup;
			children = (
				11AC5D64239FEE1A0091C2D7 /* UIView */,
			);
			path = Extensions;
			sourceTree = "<group>";
		};
		1154725F239E718900B18750 /* Endpoints */ = {
			isa = PBXGroup;
			children = (
				11E87D27239F013F009F7F9C /* GetListData */,
				11E87D32239F1846009F7F9C /* JsonHandler */,
			);
			path = Endpoints;
			sourceTree = "<group>";
		};
		11AC5D57239FBFA50091C2D7 /* Data */ = {
			isa = PBXGroup;
			children = (
				11AC5D58239FC1F10091C2D7 /* DataContainer */,
			);
			path = Data;
			sourceTree = "<group>";
		};
		11AC5D58239FC1F10091C2D7 /* DataContainer */ = {
			isa = PBXGroup;
			children = (
				11AC5D59239FC2250091C2D7 /* DataContainer.swift */,
			);
			path = DataContainer;
			sourceTree = "<group>";
		};
		11AC5D5F239FD4970091C2D7 /* AlertPresenter */ = {
			isa = PBXGroup;
			children = (
				11AC5D60239FD4AA0091C2D7 /* AlertPresenter.swift */,
			);
			path = AlertPresenter;
			sourceTree = "<group>";
		};
		11AC5D64239FEE1A0091C2D7 /* UIView */ = {
			isa = PBXGroup;
			children = (
				11AC5D65239FEE2B0091C2D7 /* UIView+Corners.swift */,
				11AC5D7523A013B10091C2D7 /* UIView+Animations.swift */,
			);
			path = UIView;
			sourceTree = "<group>";
		};
		11AC5D6A23A008F60091C2D7 /* SortCompaniesView */ = {
			isa = PBXGroup;
			children = (
				11AC5D6B23A009010091C2D7 /* SortCompaniesView.swift */,
				1119FC6723A07DC8008A039F /* SortCompaniesView+Checkmarks.swift */,
			);
			path = SortCompaniesView;
			sourceTree = "<group>";
		};
		11AC5D6D23A00DC20091C2D7 /* ButtonStateChanger */ = {
			isa = PBXGroup;
			children = (
				11AC5D6F23A00E4C0091C2D7 /* ButtonStateChanger.swift */,
			);
			path = ButtonStateChanger;
			sourceTree = "<group>";
		};
		11AC5D6E23A00E370091C2D7 /* ObjectsActions */ = {
			isa = PBXGroup;
			children = (
				11AC5D6D23A00DC20091C2D7 /* ButtonStateChanger */,
			);
			path = ObjectsActions;
			sourceTree = "<group>";
		};
		11E87D27239F013F009F7F9C /* GetListData */ = {
			isa = PBXGroup;
			children = (
				11E87D28239F0205009F7F9C /* GetListData.swift */,
			);
			path = GetListData;
			sourceTree = "<group>";
		};
		11E87D30239F08B4009F7F9C /* Companies+Extensions */ = {
			isa = PBXGroup;
			children = (
				11AC5D62239FE4E60091C2D7 /* CompaniesViewController+Functions.swift */,
				11E87D44239F22A4009F7F9C /* CompaniesViewController+Actions.swift */,
				11E87D46239F22C8009F7F9C /* CompaniesViewController+Table.swift */,
				11AC5D5D239FD4230091C2D7 /* CompaniesViewController+Endpoints.swift */,
				1135CC2323A11FA40045107B /* CompaniesViewController+Search.swift */,
				1135CC2A23A16A2C0045107B /* CompaniesViewController+Sort.swift */,
			);
			path = "Companies+Extensions";
			sourceTree = "<group>";
		};
		11E87D32239F1846009F7F9C /* JsonHandler */ = {
			isa = PBXGroup;
			children = (
				11E87D33239F1856009F7F9C /* JsonHandler.swift */,
			);
			path = JsonHandler;
			sourceTree = "<group>";
		};
		11E87D35239F1D7D009F7F9C /* Common */ = {
			isa = PBXGroup;
			children = (
				11E87D36239F1D89009F7F9C /* UI */,
			);
			path = Common;
			sourceTree = "<group>";
		};
		11E87D36239F1D89009F7F9C /* UI */ = {
			isa = PBXGroup;
			children = (
				11AC5D6A23A008F60091C2D7 /* SortCompaniesView */,
				11E87D37239F1D8F009F7F9C /* CompanyCell */,
			);
			path = UI;
			sourceTree = "<group>";
		};
		11E87D37239F1D8F009F7F9C /* CompanyCell */ = {
			isa = PBXGroup;
			children = (
				11E87D38239F1DA6009F7F9C /* CompanyCell.swift */,
			);
			path = CompanyCell;
			sourceTree = "<group>";
		};
		11E87D3A239F1DB0009F7F9C /* Members+Extensions */ = {
			isa = PBXGroup;
			children = (
				11AC5D68239FF61C0091C2D7 /* MembersViewController+Functions.swift */,
				11E87D4E239F255A009F7F9C /* MembersViewController+Actions.swift */,
				11E87D50239F256E009F7F9C /* MembersViewController+Table.swift */,
				1135CC2C23A16A8C0045107B /* MembersViewController+Sort.swift */,
				1135CC2E23A1750A0045107B /* MembersViewController+Search.swift */,
			);
			path = "Members+Extensions";
			sourceTree = "<group>";
		};
		11E87D3B239F1DC4009F7F9C /* Common */ = {
			isa = PBXGroup;
			children = (
				11E87D3C239F1DCD009F7F9C /* UI */,
			);
			path = Common;
			sourceTree = "<group>";
		};
		11E87D3C239F1DCD009F7F9C /* UI */ = {
			isa = PBXGroup;
			children = (
				1135CC2523A144F40045107B /* SortMembersView */,
				11E87D3D239F1DD4009F7F9C /* MemberCell */,
			);
			path = UI;
			sourceTree = "<group>";
		};
		11E87D3D239F1DD4009F7F9C /* MemberCell */ = {
			isa = PBXGroup;
			children = (
				11E87D3E239F1DEA009F7F9C /* MemberCell.swift */,
			);
			path = MemberCell;
			sourceTree = "<group>";
		};
		11E87D40239F2118009F7F9C /* UI */ = {
			isa = PBXGroup;
			children = (
				11AC5D5F239FD4970091C2D7 /* AlertPresenter */,
				11E87D41239F2126009F7F9C /* AsyncImageView */,
			);
			path = UI;
			sourceTree = "<group>";
		};
		11E87D41239F2126009F7F9C /* AsyncImageView */ = {
			isa = PBXGroup;
			children = (
				11E87D42239F2135009F7F9C /* AsyncImageView.swift */,
			);
			path = AsyncImageView;
			sourceTree = "<group>";
		};
		11E87D48239F23B1009F7F9C /* DataModels */ = {
			isa = PBXGroup;
			children = (
				11E87D49239F23E6009F7F9C /* CompanyObject.swift */,
				11AC5D7123A00F9B0091C2D7 /* CompanyObject+Decodable.swift */,
			);
			path = DataModels;
			sourceTree = "<group>";
		};
		11E87D4B239F23F4009F7F9C /* DataModels */ = {
			isa = PBXGroup;
			children = (
				11E87D4C239F240A009F7F9C /* MemberObject.swift */,
				11AC5D7323A00FC50091C2D7 /* MemberObject+Decodable.swift */,
			);
			path = DataModels;
			sourceTree = "<group>";
		};
/* End PBXGroup section */

/* Begin PBXNativeTarget section */
		1154723C239E5E1300B18750 /* BestGoalsClub */ = {
			isa = PBXNativeTarget;
			buildConfigurationList = 11547253239E5E1400B18750 /* Build configuration list for PBXNativeTarget "BestGoalsClub" */;
			buildPhases = (
				11547239239E5E1300B18750 /* Sources */,
				1154723A239E5E1300B18750 /* Frameworks */,
				1154723B239E5E1300B18750 /* Resources */,
			);
			buildRules = (
			);
			dependencies = (
			);
			name = BestGoalsClub;
			productName = BestGoalsClub;
			productReference = 1154723D239E5E1300B18750 /* BestGoalsClub.app */;
			productType = "com.apple.product-type.application";
		};
/* End PBXNativeTarget section */

/* Begin PBXProject section */
		11547235239E5E1300B18750 /* Project object */ = {
			isa = PBXProject;
			attributes = {
				LastSwiftUpdateCheck = 1120;
				LastUpgradeCheck = 1120;
				ORGANIZATIONNAME = "Rost Gress";
				TargetAttributes = {
					1154723C239E5E1300B18750 = {
						CreatedOnToolsVersion = 11.2;
					};
				};
			};
			buildConfigurationList = 11547238239E5E1300B18750 /* Build configuration list for PBXProject "BestGoalsClub" */;
			compatibilityVersion = "Xcode 9.3";
			developmentRegion = en;
			hasScannedForEncodings = 0;
			knownRegions = (
				en,
				Base,
			);
			mainGroup = 11547234239E5E1300B18750;
			productRefGroup = 1154723E239E5E1300B18750 /* Products */;
			projectDirPath = "";
			projectRoot = "";
			targets = (
				1154723C239E5E1300B18750 /* BestGoalsClub */,
			);
		};
/* End PBXProject section */

/* Begin PBXResourcesBuildPhase section */
		1154723B239E5E1300B18750 /* Resources */ = {
			isa = PBXResourcesBuildPhase;
			buildActionMask = 2147483647;
			files = (
				11E87D2F239F07C7009F7F9C /* LaunchScreen.storyboard in Resources */,
				1154724C239E5E1400B18750 /* Assets.xcassets in Resources */,
				11E87D2E239F07C7009F7F9C /* Main.storyboard in Resources */,
			);
			runOnlyForDeploymentPostprocessing = 0;
		};
/* End PBXResourcesBuildPhase section */

/* Begin PBXSourcesBuildPhase section */
		11547239239E5E1300B18750 /* Sources */ = {
			isa = PBXSourcesBuildPhase;
			buildActionMask = 2147483647;
			files = (
				1135CC2923A145300045107B /* SortMembersView+Checkmarks.swift in Sources */,
				1119FC6823A07DC8008A039F /* SortCompaniesView+Checkmarks.swift in Sources */,
				11E87D4D239F240A009F7F9C /* MemberObject.swift in Sources */,
				11AC5D7623A013B10091C2D7 /* UIView+Animations.swift in Sources */,
				11E87D4A239F23E6009F7F9C /* CompanyObject.swift in Sources */,
				11E87D29239F0205009F7F9C /* GetListData.swift in Sources */,
				11E87D3F239F1DEA009F7F9C /* MemberCell.swift in Sources */,
				11AC5D7223A00F9B0091C2D7 /* CompanyObject+Decodable.swift in Sources */,
				11E87D26239EFFA2009F7F9C /* Constants.swift in Sources */,
				11E87D43239F2135009F7F9C /* AsyncImageView.swift in Sources */,
				11AC5D7023A00E4C0091C2D7 /* ButtonStateChanger.swift in Sources */,
				1135CC2B23A16A2C0045107B /* CompaniesViewController+Sort.swift in Sources */,
				1135CC2423A11FA40045107B /* CompaniesViewController+Search.swift in Sources */,
				11E87D34239F1856009F7F9C /* JsonHandler.swift in Sources */,
				11E87D39239F1DA6009F7F9C /* CompanyCell.swift in Sources */,
				11AC5D5A239FC2250091C2D7 /* DataContainer.swift in Sources */,
				11AC5D66239FEE2B0091C2D7 /* UIView+Corners.swift in Sources */,
				11547247239E5E1300B18750 /* MembersViewController.swift in Sources */,
				11E87D4F239F255A009F7F9C /* MembersViewController+Actions.swift in Sources */,
				1135CC2723A145070045107B /* SortMembersView.swift in Sources */,
				11AC5D6C23A009010091C2D7 /* SortCompaniesView.swift in Sources */,
				11E87D47239F22C8009F7F9C /* CompaniesViewController+Table.swift in Sources */,
				11AC5D69239FF61C0091C2D7 /* MembersViewController+Functions.swift in Sources */,
				11E87D51239F256E009F7F9C /* MembersViewController+Table.swift in Sources */,
				11547245239E5E1300B18750 /* CompaniesViewController.swift in Sources */,
				11AC5D5E239FD4230091C2D7 /* CompaniesViewController+Endpoints.swift in Sources */,
				11AC5D61239FD4AA0091C2D7 /* AlertPresenter.swift in Sources */,
				11E87D45239F22A4009F7F9C /* CompaniesViewController+Actions.swift in Sources */,
				11AC5D63239FE4E60091C2D7 /* CompaniesViewController+Functions.swift in Sources */,
				11547241239E5E1300B18750 /* AppDelegate.swift in Sources */,
				11AC5D5C239FC4E30091C2D7 /* Enums.swift in Sources */,
				11AC5D7423A00FC50091C2D7 /* MemberObject+Decodable.swift in Sources */,
				1135CC2D23A16A8C0045107B /* MembersViewController+Sort.swift in Sources */,
				11547243239E5E1300B18750 /* SceneDelegate.swift in Sources */,
				1135CC2F23A1750A0045107B /* MembersViewController+Search.swift in Sources */,
			);
			runOnlyForDeploymentPostprocessing = 0;
		};
/* End PBXSourcesBuildPhase section */

/* Begin PBXVariantGroup section */
		11E87D2A239F07C7009F7F9C /* Main.storyboard */ = {
			isa = PBXVariantGroup;
			children = (
				11E87D2B239F07C7009F7F9C /* Base */,
			);
			name = Main.storyboard;
			sourceTree = "<group>";
		};
		11E87D2C239F07C7009F7F9C /* LaunchScreen.storyboard */ = {
			isa = PBXVariantGroup;
			children = (
				11E87D2D239F07C7009F7F9C /* Base */,
			);
			name = LaunchScreen.storyboard;
			sourceTree = "<group>";
		};
/* End PBXVariantGroup section */

/* Begin XCBuildConfiguration section */
		11547251239E5E1400B18750 /* Debug */ = {
			isa = XCBuildConfiguration;
			buildSettings = {
				ALWAYS_SEARCH_USER_PATHS = NO;
				CLANG_ANALYZER_NONNULL = YES;
				CLANG_ANALYZER_NUMBER_OBJECT_CONVERSION = YES_AGGRESSIVE;
				CLANG_CXX_LANGUAGE_STANDARD = "gnu++14";
				CLANG_CXX_LIBRARY = "libc++";
				CLANG_ENABLE_MODULES = YES;
				CLANG_ENABLE_OBJC_ARC = YES;
				CLANG_ENABLE_OBJC_WEAK = YES;
				CLANG_WARN_BLOCK_CAPTURE_AUTORELEASING = YES;
				CLANG_WARN_BOOL_CONVERSION = YES;
				CLANG_WARN_COMMA = YES;
				CLANG_WARN_CONSTANT_CONVERSION = YES;
				CLANG_WARN_DEPRECATED_OBJC_IMPLEMENTATIONS = YES;
				CLANG_WARN_DIRECT_OBJC_ISA_USAGE = YES_ERROR;
				CLANG_WARN_DOCUMENTATION_COMMENTS = YES;
				CLANG_WARN_EMPTY_BODY = YES;
				CLANG_WARN_ENUM_CONVERSION = YES;
				CLANG_WARN_INFINITE_RECURSION = YES;
				CLANG_WARN_INT_CONVERSION = YES;
				CLANG_WARN_NON_LITERAL_NULL_CONVERSION = YES;
				CLANG_WARN_OBJC_IMPLICIT_RETAIN_SELF = YES;
				CLANG_WARN_OBJC_LITERAL_CONVERSION = YES;
				CLANG_WARN_OBJC_ROOT_CLASS = YES_ERROR;
				CLANG_WARN_RANGE_LOOP_ANALYSIS = YES;
				CLANG_WARN_STRICT_PROTOTYPES = YES;
				CLANG_WARN_SUSPICIOUS_MOVE = YES;
				CLANG_WARN_UNGUARDED_AVAILABILITY = YES_AGGRESSIVE;
				CLANG_WARN_UNREACHABLE_CODE = YES;
				CLANG_WARN__DUPLICATE_METHOD_MATCH = YES;
				COPY_PHASE_STRIP = NO;
				DEBUG_INFORMATION_FORMAT = dwarf;
				ENABLE_STRICT_OBJC_MSGSEND = YES;
				ENABLE_TESTABILITY = YES;
				GCC_C_LANGUAGE_STANDARD = gnu11;
				GCC_DYNAMIC_NO_PIC = NO;
				GCC_NO_COMMON_BLOCKS = YES;
				GCC_OPTIMIZATION_LEVEL = 0;
				GCC_PREPROCESSOR_DEFINITIONS = (
					"DEBUG=1",
					"$(inherited)",
				);
				GCC_WARN_64_TO_32_BIT_CONVERSION = YES;
				GCC_WARN_ABOUT_RETURN_TYPE = YES_ERROR;
				GCC_WARN_UNDECLARED_SELECTOR = YES;
				GCC_WARN_UNINITIALIZED_AUTOS = YES_AGGRESSIVE;
				GCC_WARN_UNUSED_FUNCTION = YES;
				GCC_WARN_UNUSED_VARIABLE = YES;
				IPHONEOS_DEPLOYMENT_TARGET = 13.2;
				MTL_ENABLE_DEBUG_INFO = INCLUDE_SOURCE;
				MTL_FAST_MATH = YES;
				ONLY_ACTIVE_ARCH = YES;
				SDKROOT = iphoneos;
				SWIFT_ACTIVE_COMPILATION_CONDITIONS = DEBUG;
				SWIFT_OPTIMIZATION_LEVEL = "-Onone";
			};
			name = Debug;
		};
		11547252239E5E1400B18750 /* Release */ = {
			isa = XCBuildConfiguration;
			buildSettings = {
				ALWAYS_SEARCH_USER_PATHS = NO;
				CLANG_ANALYZER_NONNULL = YES;
				CLANG_ANALYZER_NUMBER_OBJECT_CONVERSION = YES_AGGRESSIVE;
				CLANG_CXX_LANGUAGE_STANDARD = "gnu++14";
				CLANG_CXX_LIBRARY = "libc++";
				CLANG_ENABLE_MODULES = YES;
				CLANG_ENABLE_OBJC_ARC = YES;
				CLANG_ENABLE_OBJC_WEAK = YES;
				CLANG_WARN_BLOCK_CAPTURE_AUTORELEASING = YES;
				CLANG_WARN_BOOL_CONVERSION = YES;
				CLANG_WARN_COMMA = YES;
				CLANG_WARN_CONSTANT_CONVERSION = YES;
				CLANG_WARN_DEPRECATED_OBJC_IMPLEMENTATIONS = YES;
				CLANG_WARN_DIRECT_OBJC_ISA_USAGE = YES_ERROR;
				CLANG_WARN_DOCUMENTATION_COMMENTS = YES;
				CLANG_WARN_EMPTY_BODY = YES;
				CLANG_WARN_ENUM_CONVERSION = YES;
				CLANG_WARN_INFINITE_RECURSION = YES;
				CLANG_WARN_INT_CONVERSION = YES;
				CLANG_WARN_NON_LITERAL_NULL_CONVERSION = YES;
				CLANG_WARN_OBJC_IMPLICIT_RETAIN_SELF = YES;
				CLANG_WARN_OBJC_LITERAL_CONVERSION = YES;
				CLANG_WARN_OBJC_ROOT_CLASS = YES_ERROR;
				CLANG_WARN_RANGE_LOOP_ANALYSIS = YES;
				CLANG_WARN_STRICT_PROTOTYPES = YES;
				CLANG_WARN_SUSPICIOUS_MOVE = YES;
				CLANG_WARN_UNGUARDED_AVAILABILITY = YES_AGGRESSIVE;
				CLANG_WARN_UNREACHABLE_CODE = YES;
				CLANG_WARN__DUPLICATE_METHOD_MATCH = YES;
				COPY_PHASE_STRIP = NO;
				DEBUG_INFORMATION_FORMAT = "dwarf-with-dsym";
				ENABLE_NS_ASSERTIONS = NO;
				ENABLE_STRICT_OBJC_MSGSEND = YES;
				GCC_C_LANGUAGE_STANDARD = gnu11;
				GCC_NO_COMMON_BLOCKS = YES;
				GCC_WARN_64_TO_32_BIT_CONVERSION = YES;
				GCC_WARN_ABOUT_RETURN_TYPE = YES_ERROR;
				GCC_WARN_UNDECLARED_SELECTOR = YES;
				GCC_WARN_UNINITIALIZED_AUTOS = YES_AGGRESSIVE;
				GCC_WARN_UNUSED_FUNCTION = YES;
				GCC_WARN_UNUSED_VARIABLE = YES;
				IPHONEOS_DEPLOYMENT_TARGET = 13.2;
				MTL_ENABLE_DEBUG_INFO = NO;
				MTL_FAST_MATH = YES;
				SDKROOT = iphoneos;
				SWIFT_COMPILATION_MODE = wholemodule;
				SWIFT_OPTIMIZATION_LEVEL = "-O";
				VALIDATE_PRODUCT = YES;
			};
			name = Release;
		};
		11547254239E5E1400B18750 /* Debug */ = {
			isa = XCBuildConfiguration;
			buildSettings = {
				ASSETCATALOG_COMPILER_APPICON_NAME = AppIcon;
				CODE_SIGN_STYLE = Automatic;
				INFOPLIST_FILE = BestGoalsClub/Info.plist;
				LD_RUNPATH_SEARCH_PATHS = (
					"$(inherited)",
					"@executable_path/Frameworks",
				);
				PRODUCT_BUNDLE_IDENTIFIER = com.rost.BestGoalsClub;
				PRODUCT_NAME = "$(TARGET_NAME)";
				SWIFT_VERSION = 5.0;
				TARGETED_DEVICE_FAMILY = 1;
			};
			name = Debug;
		};
		11547255239E5E1400B18750 /* Release */ = {
			isa = XCBuildConfiguration;
			buildSettings = {
				ASSETCATALOG_COMPILER_APPICON_NAME = AppIcon;
				CODE_SIGN_STYLE = Automatic;
				INFOPLIST_FILE = BestGoalsClub/Info.plist;
				LD_RUNPATH_SEARCH_PATHS = (
					"$(inherited)",
					"@executable_path/Frameworks",
				);
				PRODUCT_BUNDLE_IDENTIFIER = com.rost.BestGoalsClub;
				PRODUCT_NAME = "$(TARGET_NAME)";
				SWIFT_VERSION = 5.0;
				TARGETED_DEVICE_FAMILY = 1;
			};
			name = Release;
		};
/* End XCBuildConfiguration section */

/* Begin XCConfigurationList section */
		11547238239E5E1300B18750 /* Build configuration list for PBXProject "BestGoalsClub" */ = {
			isa = XCConfigurationList;
			buildConfigurations = (
				11547251239E5E1400B18750 /* Debug */,
				11547252239E5E1400B18750 /* Release */,
			);
			defaultConfigurationIsVisible = 0;
			defaultConfigurationName = Release;
		};
		11547253239E5E1400B18750 /* Build configuration list for PBXNativeTarget "BestGoalsClub" */ = {
			isa = XCConfigurationList;
			buildConfigurations = (
				11547254239E5E1400B18750 /* Debug */,
				11547255239E5E1400B18750 /* Release */,
			);
			defaultConfigurationIsVisible = 0;
			defaultConfigurationName = Release;
		};
/* End XCConfigurationList section */
	};
	rootObject = 11547235239E5E1300B18750 /* Project object */;
}
